// !$*UTF8*$!
{
	archiveVersion = 1;
	classes = {
	};
	objectVersion = 46;
	objects = {

/* Begin PBXBuildFile section */
		7D66A0081C6029C600F6FB30 /* AppDelegate.swift in Sources */ = {isa = PBXBuildFile; fileRef = 7D66A0071C6029C600F6FB30 /* AppDelegate.swift */; };
		7D66A00A1C6029C600F6FB30 /* ViewController.swift in Sources */ = {isa = PBXBuildFile; fileRef = 7D66A0091C6029C600F6FB30 /* ViewController.swift */; };
		7D66A00D1C6029C600F6FB30 /* Main.storyboard in Resources */ = {isa = PBXBuildFile; fileRef = 7D66A00B1C6029C600F6FB30 /* Main.storyboard */; };
		7D66A00F1C6029C600F6FB30 /* Assets.xcassets in Resources */ = {isa = PBXBuildFile; fileRef = 7D66A00E1C6029C600F6FB30 /* Assets.xcassets */; };
		7D66A0121C6029C600F6FB30 /* LaunchScreen.storyboard in Resources */ = {isa = PBXBuildFile; fileRef = 7D66A0101C6029C600F6FB30 /* LaunchScreen.storyboard */; };
		7D66A01D1C6029C600F6FB30 /* lecture21Tests.swift in Sources */ = {isa = PBXBuildFile; fileRef = 7D66A01C1C6029C600F6FB30 /* lecture21Tests.swift */; };
		7D66A0281C6029C600F6FB30 /* lecture21UITests.swift in Sources */ = {isa = PBXBuildFile; fileRef = 7D66A0271C6029C600F6FB30 /* lecture21UITests.swift */; };
/* End PBXBuildFile section */

/* Begin PBXContainerItemProxy section */
		7D66A0191C6029C600F6FB30 /* PBXContainerItemProxy */ = {
			isa = PBXContainerItemProxy;
			containerPortal = 7D669FFC1C6029C600F6FB30 /* Project object */;
			proxyType = 1;
			remoteGlobalIDString = 7D66A0031C6029C600F6FB30;
			remoteInfo = lecture21;
		};
		7D66A0241C6029C600F6FB30 /* PBXContainerItemProxy */ = {
			isa = PBXContainerItemProxy;
			containerPortal = 7D669FFC1C6029C600F6FB30 /* Project object */;
			proxyType = 1;
			remoteGlobalIDString = 7D66A0031C6029C600F6FB30;
			remoteInfo = lecture21;
		};
/* End PBXContainerItemProxy section */

/* Begin PBXFileReference section */
		7D66A0041C6029C600F6FB30 /* lecture21.app */ = {isa = PBXFileReference; explicitFileType = wrapper.application; includeInIndex = 0; path = lecture21.app; sourceTree = BUILT_PRODUCTS_DIR; };
		7D66A0071C6029C600F6FB30 /* AppDelegate.swift */ = {isa = PBXFileReference; lastKnownFileType = sourcecode.swift; path = AppDelegate.swift; sourceTree = "<group>"; };
		7D66A0091C6029C600F6FB30 /* ViewController.swift */ = {isa = PBXFileReference; lastKnownFileType = sourcecode.swift; path = ViewController.swift; sourceTree = "<group>"; };
		7D66A00C1C6029C600F6FB30 /* Base */ = {isa = PBXFileReference; lastKnownFileType = file.storyboard; name = Base; path = Base.lproj/Main.storyboard; sourceTree = "<group>"; };
		7D66A00E1C6029C600F6FB30 /* Assets.xcassets */ = {isa = PBXFileReference; lastKnownFileType = folder.assetcatalog; path = Assets.xcassets; sourceTree = "<group>"; };
		7D66A0111C6029C600F6FB30 /* Base */ = {isa = PBXFileReference; lastKnownFileType = file.storyboard; name = Base; path = Base.lproj/LaunchScreen.storyboard; sourceTree = "<group>"; };
		7D66A0131C6029C600F6FB30 /* Info.plist */ = {isa = PBXFileReference; lastKnownFileType = text.plist.xml; path = Info.plist; sourceTree = "<group>"; };
		7D66A0181C6029C600F6FB30 /* lecture21Tests.xctest */ = {isa = PBXFileReference; explicitFileType = wrapper.cfbundle; includeInIndex = 0; path = lecture21Tests.xctest; sourceTree = BUILT_PRODUCTS_DIR; };
		7D66A01C1C6029C600F6FB30 /* lecture21Tests.swift */ = {isa = PBXFileReference; lastKnownFileType = sourcecode.swift; path = lecture21Tests.swift; sourceTree = "<group>"; };
		7D66A01E1C6029C600F6FB30 /* Info.plist */ = {isa = PBXFileReference; lastKnownFileType = text.plist.xml; path = Info.plist; sourceTree = "<group>"; };
		7D66A0231C6029C600F6FB30 /* lecture21UITests.xctest */ = {isa = PBXFileReference; explicitFileType = wrapper.cfbundle; includeInIndex = 0; path = lecture21UITests.xctest; sourceTree = BUILT_PRODUCTS_DIR; };
		7D66A0271C6029C600F6FB30 /* lecture21UITests.swift */ = {isa = PBXFileReference; lastKnownFileType = sourcecode.swift; path = lecture21UITests.swift; sourceTree = "<group>"; };
		7D66A0291C6029C600F6FB30 /* Info.plist */ = {isa = PBXFileReference; lastKnownFileType = text.plist.xml; path = Info.plist; sourceTree = "<group>"; };
/* End PBXFileReference section */

/* Begin PBXFrameworksBuildPhase section */
		7D66A0011C6029C600F6FB30 /* Frameworks */ = {
			isa = PBXFrameworksBuildPhase;
			buildActionMask = 2147483647;
			files = (
			);
			runOnlyForDeploymentPostprocessing = 0;
		};
		7D66A0151C6029C600F6FB30 /* Frameworks */ = {
			isa = PBXFrameworksBuildPhase;
			buildActionMask = 2147483647;
			files = (
			);
			runOnlyForDeploymentPostprocessing = 0;
		};
		7D66A0201C6029C600F6FB30 /* Frameworks */ = {
			isa = PBXFrameworksBuildPhase;
			buildActionMask = 2147483647;
			files = (
			);
			runOnlyForDeploymentPostprocessing = 0;
		};
/* End PBXFrameworksBuildPhase section */

/* Begin PBXGroup section */
		7D669FFB1C6029C600F6FB30 = {
			isa = PBXGroup;
			children = (
				7D66A0061C6029C600F6FB30 /* lecture21 */,
				7D66A01B1C6029C600F6FB30 /* lecture21Tests */,
				7D66A0261C6029C600F6FB30 /* lecture21UITests */,
				7D66A0051C6029C600F6FB30 /* Products */,
			);
			sourceTree = "<group>";
		};
		7D66A0051C6029C600F6FB30 /* Products */ = {
			isa = PBXGroup;
			children = (
				7D66A0041C6029C600F6FB30 /* lecture21.app */,
				7D66A0181C6029C600F6FB30 /* lecture21Tests.xctest */,
				7D66A0231C6029C600F6FB30 /* lecture21UITests.xctest */,
			);
			name = Products;
			sourceTree = "<group>";
		};
		7D66A0061C6029C600F6FB30 /* lecture21 */ = {
			isa = PBXGroup;
			children = (
				7D66A0071C6029C600F6FB30 /* AppDelegate.swift */,
				7D66A0091C6029C600F6FB30 /* ViewController.swift */,
				7D66A00B1C6029C600F6FB30 /* Main.storyboard */,
				7D66A00E1C6029C600F6FB30 /* Assets.xcassets */,
				7D66A0101C6029C600F6FB30 /* LaunchScreen.storyboard */,
				7D66A0131C6029C600F6FB30 /* Info.plist */,
			);
			path = lecture21;
			sourceTree = "<group>";
		};
		7D66A01B1C6029C600F6FB30 /* lecture21Tests */ = {
			isa = PBXGroup;
			children = (
				7D66A01C1C6029C600F6FB30 /* lecture21Tests.swift */,
				7D66A01E1C6029C600F6FB30 /* Info.plist */,
			);
			path = lecture21Tests;
			sourceTree = "<group>";
		};
		7D66A0261C6029C600F6FB30 /* lecture21UITests */ = {
			isa = PBXGroup;
			children = (
				7D66A0271C6029C600F6FB30 /* lecture21UITests.swift */,
				7D66A0291C6029C600F6FB30 /* Info.plist */,
			);
			path = lecture21UITests;
			sourceTree = "<group>";
		};
/* End PBXGroup section */

/* Begin PBXNativeTarget section */
		7D66A0031C6029C600F6FB30 /* lecture21 */ = {
			isa = PBXNativeTarget;
			buildConfigurationList = 7D66A02C1C6029C600F6FB30 /* Build configuration list for PBXNativeTarget "lecture21" */;
			buildPhases = (
				7D66A0001C6029C600F6FB30 /* Sources */,
				7D66A0011C6029C600F6FB30 /* Frameworks */,
				7D66A0021C6029C600F6FB30 /* Resources */,
			);
			buildRules = (
			);
			dependencies = (
			);
			name = lecture21;
			productName = lecture21;
			productReference = 7D66A0041C6029C600F6FB30 /* lecture21.app */;
			productType = "com.apple.product-type.application";
		};
		7D66A0171C6029C600F6FB30 /* lecture21Tests */ = {
			isa = PBXNativeTarget;
			buildConfigurationList = 7D66A02F1C6029C600F6FB30 /* Build configuration list for PBXNativeTarget "lecture21Tests" */;
			buildPhases = (
				7D66A0141C6029C600F6FB30 /* Sources */,
				7D66A0151C6029C600F6FB30 /* Frameworks */,
				7D66A0161C6029C600F6FB30 /* Resources */,
			);
			buildRules = (
			);
			dependencies = (
				7D66A01A1C6029C600F6FB30 /* PBXTargetDependency */,
			);
			name = lecture21Tests;
			productName = lecture21Tests;
			productReference = 7D66A0181C6029C600F6FB30 /* lecture21Tests.xctest */;
			productType = "com.apple.product-type.bundle.unit-test";
		};
		7D66A0221C6029C600F6FB30 /* lecture21UITests */ = {
			isa = PBXNativeTarget;
			buildConfigurationList = 7D66A0321C6029C600F6FB30 /* Build configuration list for PBXNativeTarget "lecture21UITests" */;
			buildPhases = (
				7D66A01F1C6029C600F6FB30 /* Sources */,
				7D66A0201C6029C600F6FB30 /* Frameworks */,
				7D66A0211C6029C600F6FB30 /* Resources */,
			);
			buildRules = (
			);
			dependencies = (
				7D66A0251C6029C600F6FB30 /* PBXTargetDependency */,
			);
			name = lecture21UITests;
			productName = lecture21UITests;
			productReference = 7D66A0231C6029C600F6FB30 /* lecture21UITests.xctest */;
			productType = "com.apple.product-type.bundle.ui-testing";
		};
/* End PBXNativeTarget section */

/* Begin PBXProject section */
		7D669FFC1C6029C600F6FB30 /* Project object */ = {
			isa = PBXProject;
			attributes = {
				LastSwiftUpdateCheck = 0730;
				LastUpgradeCheck = 0730;
				ORGANIZATIONNAME = "Bruno Silvestrin";
				TargetAttributes = {
					7D66A0031C6029C600F6FB30 = {
						CreatedOnToolsVersion = 7.3;
					};
					7D66A0171C6029C600F6FB30 = {
						CreatedOnToolsVersion = 7.3;
						TestTargetID = 7D66A0031C6029C600F6FB30;
					};
					7D66A0221C6029C600F6FB30 = {
						CreatedOnToolsVersion = 7.3;
						TestTargetID = 7D66A0031C6029C600F6FB30;
					};
				};
			};
			buildConfigurationList = 7D669FFF1C6029C600F6FB30 /* Build configuration list for PBXProject "lecture21" */;
			compatibilityVersion = "Xcode 3.2";
			developmentRegion = English;
			hasScannedForEncodings = 0;
			knownRegions = (
				en,
				Base,
			);
			mainGroup = 7D669FFB1C6029C600F6FB30;
			productRefGroup = 7D66A0051C6029C600F6FB30 /* Products */;
			projectDirPath = "";
			projectRoot = "";
			targets = (
				7D66A0031C6029C600F6FB30 /* lecture21 */,
				7D66A0171C6029C600F6FB30 /* lecture21Tests */,
				7D66A0221C6029C600F6FB30 /* lecture21UITests */,
			);
		};
/* End PBXProject section */

/* Begin PBXResourcesBuildPhase section */
		7D66A0021C6029C600F6FB30 /* Resources */ = {
			isa = PBXResourcesBuildPhase;
			buildActionMask = 2147483647;
			files = (
				7D66A0121C6029C600F6FB30 /* LaunchScreen.storyboard in Resources */,
				7D66A00F1C6029C600F6FB30 /* Assets.xcassets in Resources */,
				7D66A00D1C6029C600F6FB30 /* Main.storyboard in Resources */,
			);
			runOnlyForDeploymentPostprocessing = 0;
		};
		7D66A0161C6029C600F6FB30 /* Resources */ = {
			isa = PBXResourcesBuildPhase;
			buildActionMask = 2147483647;
			files = (
			);
			runOnlyForDeploymentPostprocessing = 0;
		};
		7D66A0211C6029C600F6FB30 /* Resources */ = {
			isa = PBXResourcesBuildPhase;
			buildActionMask = 2147483647;
			files = (
			);
			runOnlyForDeploymentPostprocessing = 0;
		};
/* End PBXResourcesBuildPhase section */

/* Begin PBXSourcesBuildPhase section */
		7D66A0001C6029C600F6FB30 /* Sources */ = {
			isa = PBXSourcesBuildPhase;
			buildActionMask = 2147483647;
			files = (
				7D66A00A1C6029C600F6FB30 /* ViewController.swift in Sources */,
				7D66A0081C6029C600F6FB30 /* AppDelegate.swift in Sources */,
			);
			runOnlyForDeploymentPostprocessing = 0;
		};
		7D66A0141C6029C600F6FB30 /* Sources */ = {
			isa = PBXSourcesBuildPhase;
			buildActionMask = 2147483647;
			files = (
				7D66A01D1C6029C600F6FB30 /* lecture21Tests.swift in Sources */,
			);
			runOnlyForDeploymentPostprocessing = 0;
		};
		7D66A01F1C6029C600F6FB30 /* Sources */ = {
			isa = PBXSourcesBuildPhase;
			buildActionMask = 2147483647;
			files = (
				7D66A0281C6029C600F6FB30 /* lecture21UITests.swift in Sources */,
			);
			runOnlyForDeploymentPostprocessing = 0;
		};
/* End PBXSourcesBuildPhase section */

/* Begin PBXTargetDependency section */
		7D66A01A1C6029C600F6FB30 /* PBXTargetDependency */ = {
			isa = PBXTargetDependency;
			target = 7D66A0031C6029C600F6FB30 /* lecture21 */;
			targetProxy = 7D66A0191C6029C600F6FB30 /* PBXContainerItemProxy */;
		};
		7D66A0251C6029C600F6FB30 /* PBXTargetDependency */ = {
			isa = PBXTargetDependency;
			target = 7D66A0031C6029C600F6FB30 /* lecture21 */;
			targetProxy = 7D66A0241C6029C600F6FB30 /* PBXContainerItemProxy */;
		};
/* End PBXTargetDependency section */

/* Begin PBXVariantGroup section */
		7D66A00B1C6029C600F6FB30 /* Main.storyboard */ = {
			isa = PBXVariantGroup;
			children = (
				7D66A00C1C6029C600F6FB30 /* Base */,
			);
			name = Main.storyboard;
			sourceTree = "<group>";
		};
		7D66A0101C6029C600F6FB30 /* LaunchScreen.storyboard */ = {
			isa = PBXVariantGroup;
			children = (
				7D66A0111C6029C600F6FB30 /* Base */,
			);
			name = LaunchScreen.storyboard;
			sourceTree = "<group>";
		};
/* End PBXVariantGroup section */

/* Begin XCBuildConfiguration section */
		7D66A02A1C6029C600F6FB30 /* Debug */ = {
			isa = XCBuildConfiguration;
			buildSettings = {
				ALWAYS_SEARCH_USER_PATHS = NO;
				CLANG_CXX_LANGUAGE_STANDARD = "gnu++0x";
				CLANG_CXX_LIBRARY = "libc++";
				CLANG_ENABLE_MODULES = YES;
				CLANG_ENABLE_OBJC_ARC = YES;
				CLANG_WARN_BOOL_CONVERSION = YES;
				CLANG_WARN_CONSTANT_CONVERSION = YES;
				CLANG_WARN_DIRECT_OBJC_ISA_USAGE = YES_ERROR;
				CLANG_WARN_EMPTY_BODY = YES;
				CLANG_WARN_ENUM_CONVERSION = YES;
				CLANG_WARN_INT_CONVERSION = YES;
				CLANG_WARN_OBJC_ROOT_CLASS = YES_ERROR;
				CLANG_WARN_UNREACHABLE_CODE = YES;
				CLANG_WARN__DUPLICATE_METHOD_MATCH = YES;
				"CODE_SIGN_IDENTITY[sdk=iphoneos*]" = "iPhone Developer";
				COPY_PHASE_STRIP = NO;
				DEBUG_INFORMATION_FORMAT = dwarf;
				ENABLE_STRICT_OBJC_MSGSEND = YES;
				ENABLE_TESTABILITY = YES;
				GCC_C_LANGUAGE_STANDARD = gnu99;
				GCC_DYNAMIC_NO_PIC = NO;
				GCC_NO_COMMON_BLOCKS = YES;
				GCC_OPTIMIZATION_LEVEL = 0;
				GCC_PREPROCESSOR_DEFINITIONS = (
					"DEBUG=1",
					"$(inherited)",
				);
				GCC_WARN_64_TO_32_BIT_CONVERSION = YES;
				GCC_WARN_ABOUT_RETURN_TYPE = YES_ERROR;
				GCC_WARN_UNDECLARED_SELECTOR = YES;
				GCC_WARN_UNINITIALIZED_AUTOS = YES_AGGRESSIVE;
				GCC_WARN_UNUSED_FUNCTION = YES;
				GCC_WARN_UNUSED_VARIABLE = YES;
				IPHONEOS_DEPLOYMENT_TARGET = 9.3;
				MTL_ENABLE_DEBUG_INFO = YES;
				ONLY_ACTIVE_ARCH = YES;
				SDKROOT = iphoneos;
				SWIFT_OPTIMIZATION_LEVEL = "-Onone";
			};
			name = Debug;
		};
		7D66A02B1C6029C600F6FB30 /* Release */ = {
			isa = XCBuildConfiguration;
			buildSettings = {
				ALWAYS_SEARCH_USER_PATHS = NO;
				CLANG_CXX_LANGUAGE_STANDARD = "gnu++0x";
				CLANG_CXX_LIBRARY = "libc++";
				CLANG_ENABLE_MODULES = YES;
				CLANG_ENABLE_OBJC_ARC = YES;
				CLANG_WARN_BOOL_CONVERSION = YES;
				CLANG_WARN_CONSTANT_CONVERSION = YES;
				CLANG_WARN_DIRECT_OBJC_ISA_USAGE = YES_ERROR;
				CLANG_WARN_EMPTY_BODY = YES;
				CLANG_WARN_ENUM_CONVERSION = YES;
				CLANG_WARN_INT_CONVERSION = YES;
				CLANG_WARN_OBJC_ROOT_CLASS = YES_ERROR;
				CLANG_WARN_UNREACHABLE_CODE = YES;
				CLANG_WARN__DUPLICATE_METHOD_MATCH = YES;
				"CODE_SIGN_IDENTITY[sdk=iphoneos*]" = "iPhone Developer";
				COPY_PHASE_STRIP = NO;
				DEBUG_INFORMATION_FORMAT = "dwarf-with-dsym";
				ENABLE_NS_ASSERTIONS = NO;
				ENABLE_STRICT_OBJC_MSGSEND = YES;
				GCC_C_LANGUAGE_STANDARD = gnu99;
				GCC_NO_COMMON_BLOCKS = YES;
				GCC_WARN_64_TO_32_BIT_CONVERSION = YES;
				GCC_WARN_ABOUT_RETURN_TYPE = YES_ERROR;
				GCC_WARN_UNDECLARED_SELECTOR = YES;
				GCC_WARN_UNINITIALIZED_AUTOS = YES_AGGRESSIVE;
				GCC_WARN_UNUSED_FUNCTION = YES;
				GCC_WARN_UNUSED_VARIABLE = YES;
				IPHONEOS_DEPLOYMENT_TARGET = 9.3;
				MTL_ENABLE_DEBUG_INFO = NO;
				SDKROOT = iphoneos;
				VALIDATE_PRODUCT = YES;
			};
			name = Release;
		};
		7D66A02D1C6029C600F6FB30 /* Debug */ = {
			isa = XCBuildConfiguration;
			buildSettings = {
				ASSETCATALOG_COMPILER_APPICON_NAME = AppIcon;
				INFOPLIST_FILE = lecture21/Info.plist;
				LD_RUNPATH_SEARCH_PATHS = "$(inherited) @executable_path/Frameworks";
				PRODUCT_BUNDLE_IDENTIFIER = com.mycomp.lecture21;
				PRODUCT_NAME = "$(TARGET_NAME)";
			};
			name = Debug;
		};
		7D66A02E1C6029C600F6FB30 /* Release */ = {
			isa = XCBuildConfiguration;
			buildSettings = {
				ASSETCATALOG_COMPILER_APPICON_NAME = AppIcon;
				INFOPLIST_FILE = lecture21/Info.plist;
				LD_RUNPATH_SEARCH_PATHS = "$(inherited) @executable_path/Frameworks";
				PRODUCT_BUNDLE_IDENTIFIER = com.mycomp.lecture21;
				PRODUCT_NAME = "$(TARGET_NAME)";
			};
			name = Release;
		};
		7D66A0301C6029C600F6FB30 /* Debug */ = {
			isa = XCBuildConfiguration;
			buildSettings = {
				BUNDLE_LOADER = "$(TEST_HOST)";
				INFOPLIST_FILE = lecture21Tests/Info.plist;
				LD_RUNPATH_SEARCH_PATHS = "$(inherited) @executable_path/Frameworks @loader_path/Frameworks";
				PRODUCT_BUNDLE_IDENTIFIER = com.mycomp.lecture21Tests;
				PRODUCT_NAME = "$(TARGET_NAME)";
				TEST_HOST = "$(BUILT_PRODUCTS_DIR)/lecture21.app/lecture21";
			};
			name = Debug;
		};
		7D66A0311C6029C600F6FB30 /* Release */ = {
			isa = XCBuildConfiguration;
			buildSettings = {
				BUNDLE_LOADER = "$(TEST_HOST)";
				INFOPLIST_FILE = lecture21Tests/Info.plist;
				LD_RUNPATH_SEARCH_PATHS = "$(inherited) @executable_path/Frameworks @loader_path/Frameworks";
				PRODUCT_BUNDLE_IDENTIFIER = com.mycomp.lecture21Tests;
				PRODUCT_NAME = "$(TARGET_NAME)";
				TEST_HOST = "$(BUILT_PRODUCTS_DIR)/lecture21.app/lecture21";
			};
			name = Release;
		};
		7D66A0331C6029C600F6FB30 /* Debug */ = {
			isa = XCBuildConfiguration;
			buildSettings = {
				INFOPLIST_FILE = lecture21UITests/Info.plist;
				LD_RUNPATH_SEARCH_PATHS = "$(inherited) @executable_path/Frameworks @loader_path/Frameworks";
				PRODUCT_BUNDLE_IDENTIFIER = com.mycomp.lecture21UITests;
				PRODUCT_NAME = "$(TARGET_NAME)";
				TEST_TARGET_NAME = lecture21;
			};
			name = Debug;
		};
		7D66A0341C6029C600F6FB30 /* Release */ = {
			isa = XCBuildConfiguration;
			buildSettings = {
				INFOPLIST_FILE = lecture21UITests/Info.plist;
				LD_RUNPATH_SEARCH_PATHS = "$(inherited) @executable_path/Frameworks @loader_path/Frameworks";
				PRODUCT_BUNDLE_IDENTIFIER = com.mycomp.lecture21UITests;
				PRODUCT_NAME = "$(TARGET_NAME)";
				TEST_TARGET_NAME = lecture21;
			};
			name = Release;
		};
/* End XCBuildConfiguration section */

/* Begin XCConfigurationList section */
		7D669FFF1C6029C600F6FB30 /* Build configuration list for PBXProject "lecture21" */ = {
			isa = XCConfigurationList;
			buildConfigurations = (
				7D66A02A1C6029C600F6FB30 /* Debug */,
				7D66A02B1C6029C600F6FB30 /* Release */,
			);
			defaultConfigurationIsVisible = 0;
			defaultConfigurationName = Release;
		};
		7D66A02C1C6029C600F6FB30 /* Build configuration list for PBXNativeTarget "lecture21" */ = {
			isa = XCConfigurationList;
			buildConfigurations = (
				7D66A02D1C6029C600F6FB30 /* Debug */,
				7D66A02E1C6029C600F6FB30 /* Release */,
			);
			defaultConfigurationIsVisible = 0;
		};
		7D66A02F1C6029C600F6FB30 /* Build configuration list for PBXNativeTarget "lecture21Tests" */ = {
			isa = XCConfigurationList;
			buildConfigurations = (
				7D66A0301C6029C600F6FB30 /* Debug */,
				7D66A0311C6029C600F6FB30 /* Release */,
			);
			defaultConfigurationIsVisible = 0;
		};
		7D66A0321C6029C600F6FB30 /* Build configuration list for PBXNativeTarget "lecture21UITests" */ = {
			isa = XCConfigurationList;
			buildConfigurations = (
				7D66A0331C6029C600F6FB30 /* Debug */,
				7D66A0341C6029C600F6FB30 /* Release */,
			);
			defaultConfigurationIsVisible = 0;
		};
/* End XCConfigurationList section */
	};
	rootObject = 7D669FFC1C6029C600F6FB30 /* Project object */;
}
